
Microsoft Visual Studio Solution File, Format Version 12.00
# Visual Studio Version 16
VisualStudioVersion = 16.0.32002.261
MinimumVisualStudioVersion = 10.0.40219.1
Project("{2150E333-8FDC-42A3-9474-1A3956D46DE8}") = "Artifacts", "Artifacts", "{53FE907D-559C-4688-B593-D6CDBE972208}"
	ProjectSection(SolutionItems) = preProject
		..\Artifacts\001 Clean Architecture.JPG = ..\Artifacts\001 Clean Architecture.JPG
	EndProjectSection
EndProject
Project("{2150E333-8FDC-42A3-9474-1A3956D46DE8}") = "src", "src", "{3EED3EC8-6A2A-48DF-B893-E4F46ED7E6D3}"
EndProject
Project("{2150E333-8FDC-42A3-9474-1A3956D46DE8}") = "test", "test", "{55577812-76D7-4269-8E4A-5413E7684C57}"
EndProject
Project("{2150E333-8FDC-42A3-9474-1A3956D46DE8}") = "Solution Items", "Solution Items", "{664D5472-1525-45FC-AF29-63602037CC3B}"
	ProjectSection(SolutionItems) = preProject
		..\NOTES.md = ..\NOTES.md
	EndProjectSection
EndProject
Project("{2150E333-8FDC-42A3-9474-1A3956D46DE8}") = "API", "API", "{E1B5BABA-633D-491A-AA81-AF723A4A1E14}"
EndProject
Project("{2150E333-8FDC-42A3-9474-1A3956D46DE8}") = "Core", "Core", "{563443CE-8F4D-49D8-B8E3-DE3D03FB7B6C}"
EndProject
Project("{2150E333-8FDC-42A3-9474-1A3956D46DE8}") = "Infrastructure", "Infrastructure", "{F53B8C02-52A0-46DA-9D7F-0060CDDB6C79}"
EndProject
Project("{2150E333-8FDC-42A3-9474-1A3956D46DE8}") = "UI", "UI", "{1FEB232B-704A-42D0-B4D8-57D3CB134B12}"
EndProject
Project("{9A19103F-16F7-4668-BE54-9A1E7A4F7556}") = "GlobalTicket.Management.Domain", "GlobalTicket.Management.Domain\GlobalTicket.Management.Domain.csproj", "{70B71CD6-2F0A-4342-A936-F874A0D4DB23}"
EndProject
Project("{FAE04EC0-301F-11D3-BF4B-00C04F79EFBC}") = "GlobalTicket.Management.Application", "GlobalTicket.Management.Application\GlobalTicket.Management.Application.csproj", "{ED4C663F-9DEE-4972-9734-AA904F54F787}"
EndProject
Global
	GlobalSection(SolutionConfigurationPlatforms) = preSolution
		Debug|Any CPU = Debug|Any CPU
		Release|Any CPU = Release|Any CPU
	EndGlobalSection
	GlobalSection(ProjectConfigurationPlatforms) = postSolution
		{70B71CD6-2F0A-4342-A936-F874A0D4DB23}.Debug|Any CPU.ActiveCfg = Debug|Any CPU
		{70B71CD6-2F0A-4342-A936-F874A0D4DB23}.Debug|Any CPU.Build.0 = Debug|Any CPU
		{70B71CD6-2F0A-4342-A936-F874A0D4DB23}.Release|Any CPU.ActiveCfg = Release|Any CPU
		{70B71CD6-2F0A-4342-A936-F874A0D4DB23}.Release|Any CPU.Build.0 = Release|Any CPU
		{ED4C663F-9DEE-4972-9734-AA904F54F787}.Debug|Any CPU.ActiveCfg = Debug|Any CPU
		{ED4C663F-9DEE-4972-9734-AA904F54F787}.Debug|Any CPU.Build.0 = Debug|Any CPU
		{ED4C663F-9DEE-4972-9734-AA904F54F787}.Release|Any CPU.ActiveCfg = Release|Any CPU
		{ED4C663F-9DEE-4972-9734-AA904F54F787}.Release|Any CPU.Build.0 = Release|Any CPU
	EndGlobalSection
	GlobalSection(SolutionProperties) = preSolution
		HideSolutionNode = FALSE
	EndGlobalSection
	GlobalSection(NestedProjects) = preSolution
		{E1B5BABA-633D-491A-AA81-AF723A4A1E14} = {3EED3EC8-6A2A-48DF-B893-E4F46ED7E6D3}
		{563443CE-8F4D-49D8-B8E3-DE3D03FB7B6C} = {3EED3EC8-6A2A-48DF-B893-E4F46ED7E6D3}
		{F53B8C02-52A0-46DA-9D7F-0060CDDB6C79} = {3EED3EC8-6A2A-48DF-B893-E4F46ED7E6D3}
		{1FEB232B-704A-42D0-B4D8-57D3CB134B12} = {3EED3EC8-6A2A-48DF-B893-E4F46ED7E6D3}
		{70B71CD6-2F0A-4342-A936-F874A0D4DB23} = {563443CE-8F4D-49D8-B8E3-DE3D03FB7B6C}
		{ED4C663F-9DEE-4972-9734-AA904F54F787} = {563443CE-8F4D-49D8-B8E3-DE3D03FB7B6C}
	EndGlobalSection
	GlobalSection(ExtensibilityGlobals) = postSolution
		SolutionGuid = {1B73B98F-F07A-49C6-9459-5A7F853B833D}
	EndGlobalSection
EndGlobal
